version = 1
revision = 3
requires-python = "==3.13.*"

[[package]]
name = "addon-datastore"
source = { editable = "." }
dependencies = [
    { name = "configobj" },
    { name = "jsonschema" },
    { name = "requests" },
]

[package.dev-dependencies]
lint = [
    { name = "pre-commit" },
    { name = "pyright" },
    { name = "ruff" },
]
unit-tests = [
    { name = "unittest-xml-reporting" },
]

[package.metadata]
requires-dist = [
    { name = "configobj", git = "https://github.com/DiffSK/configobj?rev=8be54629ee7c26acb5c865b74c76284e80f3aa31" },
    { name = "jsonschema", specifier = "==4.26.0" },
    { name = "requests", specifier = "==2.33.0" },
]

[package.metadata.requires-dev]
lint = [
    { name = "pre-commit", specifier = "==4.3.0" },
    { name = "pyright", specifier = "==1.1.408" },
    { name = "ruff", specifier = "==0.13.3" },
]
unit-tests = [{ name = "unittest-xml-reporting", specifier = "==4.0.0" }]

[[package]]
name = "attrs"
version = "26.1.0"
source = { registry = "https://pypi.org/simple" }
sdist = { url = "https://files.pythonhosted.org/packages/9a/8e/82a0fe20a541c03148528be8cac2408564a6c9a0cc7e9171802bc1d26985/attrs-26.1.0.tar.gz", hash = "sha256:d03ceb89cb322a8fd706d4fb91940737b6642aa36998fe130a9bc96c985eff32", size = 952055, upload-time = "2026-03-19T14:22:25.026Z" }
wheels = [
    { url = "https://files.pythonhosted.org/packages/64/b4/17d4b0b2a2dc85a6df63d1157e028ed19f90d4cd97c36717afef2bc2f395/attrs-26.1.0-py3-none-any.whl", hash = "sha256:c647aa4a12dfbad9333ca4e71fe62ddc36f4e63b2d260a37a8b83d2f043ac309", size = 67548, upload-time = "2026-03-19T14:22:23.645Z" },
]

[[package]]
name = "certifi"
version = "2026.2.25"
source = { registry = "https://pypi.org/simple" }
sdist = { url = "https://files.pythonhosted.org/packages/af/2d/7bf41579a8986e348fa033a31cdd0e4121114f6bce2457e8876010b092dd/certifi-2026.2.25.tar.gz", hash = "sha256:e887ab5cee78ea814d3472169153c2d12cd43b14bd03329a39a9c6e2e80bfba7", size = 155029, upload-time = "2026-02-25T02:54:17.342Z" }
wheels = [
    { url = "https://files.pythonhosted.org/packages/9a/3c/c17fb3ca2d9c3acff52e30b309f538586f9f5b9c9cf454f3845fc9af4881/certifi-2026.2.25-py3-none-any.whl", hash = "sha256:027692e4402ad994f1c42e52a4997a9763c646b73e4096e4d5d6db8af1d6f0fa", size = 153684, upload-time = "2026-02-25T02:54:15.766Z" },
]

[[package]]
name = "cfgv"
version = "3.5.0"
source = { registry = "https://pypi.org/simple" }
sdist = { url = "https://files.pythonhosted.org/packages/4e/b5/721b8799b04bf9afe054a3899c6cf4e880fcf8563cc71c15610242490a0c/cfgv-3.5.0.tar.gz", hash = "sha256:d5b1034354820651caa73ede66a6294d6e95c1b00acc5e9b098e917404669132", size = 7334, upload-time = "2025-11-19T20:55:51.612Z" }
wheels = [
    { url = "https://files.pythonhosted.org/packages/db/3c/33bac158f8ab7f89b2e59426d5fe2e4f63f7ed25df84c036890172b412b5/cfgv-3.5.0-py2.py3-none-any.whl", hash = "sha256:a8dc6b26ad22ff227d2634a65cb388215ce6cc96bbcc5cfde7641ae87e8dacc0", size = 7445, upload-time = "2025-11-19T20:55:50.744Z" },
]

[[package]]
name = "charset-normalizer"
version = "3.4.6"
source = { registry = "https://pypi.org/simple" }
sdist = { url = "https://files.pythonhosted.org/packages/7b/60/e3bec1881450851b087e301bedc3daa9377a4d45f1c26aa90b0b235e38aa/charset_normalizer-3.4.6.tar.gz", hash = "sha256:1ae6b62897110aa7c79ea2f5dd38d1abca6db663687c0b1ad9aed6f6bae3d9d6", size = 143363, upload-time = "2026-03-15T18:53:25.478Z" }
wheels = [
    { url = "https://files.pythonhosted.org/packages/f1/11/897052ea6af56df3eef3ca94edafee410ca699ca0c7b87960ad19932c55e/charset_normalizer-3.4.6-cp313-cp313-win32.whl", hash = "sha256:d7de2637729c67d67cf87614b566626057e95c303bc0a55ffe391f5205e7003d", size = 143940, upload-time = "2026-03-15T18:51:36.15Z" },
    { url = "https://files.pythonhosted.org/packages/a1/5c/724b6b363603e419829f561c854b87ed7c7e31231a7908708ac086cdf3e2/charset_normalizer-3.4.6-cp313-cp313-win_amd64.whl", hash = "sha256:572d7c822caf521f0525ba1bce1a622a0b85cf47ffbdae6c9c19e3b5ac3c4389", size = 154101, upload-time = "2026-03-15T18:51:37.876Z" },
    { url = "https://files.pythonhosted.org/packages/01/a5/7abf15b4c0968e47020f9ca0935fb3274deb87cb288cd187cad92e8cdffd/charset_normalizer-3.4.6-cp313-cp313-win_arm64.whl", hash = "sha256:a4474d924a47185a06411e0064b803c68be044be2d60e50e8bddcc2649957c1f", size = 143109, upload-time = "2026-03-15T18:51:39.565Z" },
    { url = "https://files.pythonhosted.org/packages/2a/68/687187c7e26cb24ccbd88e5069f5ef00eba804d36dde11d99aad0838ab45/charset_normalizer-3.4.6-py3-none-any.whl", hash = "sha256:947cf925bc916d90adba35a64c82aace04fa39b46b52d4630ece166655905a69", size = 61455, upload-time = "2026-03-15T18:53:23.833Z" },
]

[[package]]
name = "configobj"
version = "5.1.0.dev0"
source = { git = "https://github.com/DiffSK/configobj?rev=8be54629ee7c26acb5c865b74c76284e80f3aa31#8be54629ee7c26acb5c865b74c76284e80f3aa31" }

[[package]]
name = "distlib"
version = "0.4.0"
source = { registry = "https://pypi.org/simple" }
sdist = { url = "https://files.pythonhosted.org/packages/96/8e/709914eb2b5749865801041647dc7f4e6d00b549cfe88b65ca192995f07c/distlib-0.4.0.tar.gz", hash = "sha256:feec40075be03a04501a973d81f633735b4b69f98b05450592310c0f401a4e0d", size = 614605, upload-time = "2025-07-17T16:52:00.465Z" }
wheels = [
    { url = "https://files.pythonhosted.org/packages/33/6b/e0547afaf41bf2c42e52430072fa5658766e3d65bd4b03a563d1b6336f57/distlib-0.4.0-py2.py3-none-any.whl", hash = "sha256:9659f7d87e46584a30b5780e43ac7a2143098441670ff0a49d5f9034c54a6c16", size = 469047, upload-time = "2025-07-17T16:51:58.613Z" },
]

[[package]]
name = "filelock"
version = "3.25.2"
source = { registry = "https://pypi.org/simple" }
sdist = { url = "https://files.pythonhosted.org/packages/94/b8/00651a0f559862f3bb7d6f7477b192afe3f583cc5e26403b44e59a55ab34/filelock-3.25.2.tar.gz", hash = "sha256:b64ece2b38f4ca29dd3e810287aa8c48182bbecd1ae6e9ae126c9b35f1382694", size = 40480, upload-time = "2026-03-11T20:45:38.487Z" }
wheels = [
    { url = "https://files.pythonhosted.org/packages/a4/a5/842ae8f0c08b61d6484b52f99a03510a3a72d23141942d216ebe81fefbce/filelock-3.25.2-py3-none-any.whl", hash = "sha256:ca8afb0da15f229774c9ad1b455ed96e85a81373065fb10446672f64444ddf70", size = 26759, upload-time = "2026-03-11T20:45:37.437Z" },
]

[[package]]
name = "identify"
version = "2.6.18"
source = { registry = "https://pypi.org/simple" }
sdist = { url = "https://files.pythonhosted.org/packages/46/c4/7fb4db12296cdb11893d61c92048fe617ee853f8523b9b296ac03b43757e/identify-2.6.18.tar.gz", hash = "sha256:873ac56a5e3fd63e7438a7ecbc4d91aca692eb3fefa4534db2b7913f3fc352fd", size = 99580, upload-time = "2026-03-15T18:39:50.319Z" }
wheels = [
    { url = "https://files.pythonhosted.org/packages/46/33/92ef41c6fad0233e41d3d84ba8e8ad18d1780f1e5d99b3c683e6d7f98b63/identify-2.6.18-py2.py3-none-any.whl", hash = "sha256:8db9d3c8ea9079db92cafb0ebf97abdc09d52e97f4dcf773a2e694048b7cd737", size = 99394, upload-time = "2026-03-15T18:39:48.915Z" },
]

[[package]]
name = "idna"
version = "3.11"
source = { registry = "https://pypi.org/simple" }
sdist = { url = "https://files.pythonhosted.org/packages/6f/6d/0703ccc57f3a7233505399edb88de3cbd678da106337b9fcde432b65ed60/idna-3.11.tar.gz", hash = "sha256:795dafcc9c04ed0c1fb032c2aa73654d8e8c5023a7df64a53f39190ada629902", size = 194582, upload-time = "2025-10-12T14:55:20.501Z" }
wheels = [
    { url = "https://files.pythonhosted.org/packages/0e/61/66938bbb5fc52dbdf84594873d5b51fb1f7c7794e9c0f5bd885f30bc507b/idna-3.11-py3-none-any.whl", hash = "sha256:771a87f49d9defaf64091e6e6fe9c18d4833f140bd19464795bc32d966ca37ea", size = 71008, upload-time = "2025-10-12T14:55:18.883Z" },
]

[[package]]
name = "jsonschema"
version = "4.26.0"
source = { registry = "https://pypi.org/simple" }
dependencies = [
    { name = "attrs" },
    { name = "jsonschema-specifications" },
    { name = "referencing" },
    { name = "rpds-py" },
]
sdist = { url = "https://files.pythonhosted.org/packages/b3/fc/e067678238fa451312d4c62bf6e6cf5ec56375422aee02f9cb5f909b3047/jsonschema-4.26.0.tar.gz", hash = "sha256:0c26707e2efad8aa1bfc5b7ce170f3fccc2e4918ff85989ba9ffa9facb2be326", size = 366583, upload-time = "2026-01-07T13:41:07.246Z" }
wheels = [
    { url = "https://files.pythonhosted.org/packages/69/90/f63fb5873511e014207a475e2bb4e8b2e570d655b00ac19a9a0ca0a385ee/jsonschema-4.26.0-py3-none-any.whl", hash = "sha256:d489f15263b8d200f8387e64b4c3a75f06629559fb73deb8fdfb525f2dab50ce", size = 90630, upload-time = "2026-01-07T13:41:05.306Z" },
]

[[package]]
name = "jsonschema-specifications"
version = "2025.9.1"
source = { registry = "https://pypi.org/simple" }
dependencies = [
    { name = "referencing" },
]
sdist = { url = "https://files.pythonhosted.org/packages/19/74/a633ee74eb36c44aa6d1095e7cc5569bebf04342ee146178e2d36600708b/jsonschema_specifications-2025.9.1.tar.gz", hash = "sha256:b540987f239e745613c7a9176f3edb72b832a4ac465cf02712288397832b5e8d", size = 32855, upload-time = "2025-09-08T01:34:59.186Z" }
wheels = [
    { url = "https://files.pythonhosted.org/packages/41/45/1a4ed80516f02155c51f51e8cedb3c1902296743db0bbc66608a0db2814f/jsonschema_specifications-2025.9.1-py3-none-any.whl", hash = "sha256:98802fee3a11ee76ecaca44429fda8a41bff98b00a0f2838151b113f210cc6fe", size = 18437, upload-time = "2025-09-08T01:34:57.871Z" },
]

[[package]]
name = "lxml"
version = "6.0.2"
source = { registry = "https://pypi.org/simple" }
sdist = { url = "https://files.pythonhosted.org/packages/aa/88/262177de60548e5a2bfc46ad28232c9e9cbde697bd94132aeb80364675cb/lxml-6.0.2.tar.gz", hash = "sha256:cd79f3367bd74b317dda655dc8fcfa304d9eb6e4fb06b7168c5cf27f96e0cd62", size = 4073426, upload-time = "2025-09-22T04:04:59.287Z" }
wheels = [
    { url = "https://files.pythonhosted.org/packages/76/04/5c5e2b8577bc936e219becb2e98cdb1aca14a4921a12995b9d0c523502ae/lxml-6.0.2-cp313-cp313-win32.whl", hash = "sha256:e8cd2415f372e7e5a789d743d133ae474290a90b9023197fd78f32e2dc6873e2", size = 3610700, upload-time = "2025-09-22T04:02:24.465Z" },
    { url = "https://files.pythonhosted.org/packages/fe/0a/4643ccc6bb8b143e9f9640aa54e38255f9d3b45feb2cbe7ae2ca47e8782e/lxml-6.0.2-cp313-cp313-win_amd64.whl", hash = "sha256:b30d46379644fbfc3ab81f8f82ae4de55179414651f110a1514f0b1f8f6cb2d7", size = 4010347, upload-time = "2025-09-22T04:02:26.286Z" },
    { url = "https://files.pythonhosted.org/packages/31/ef/dcf1d29c3f530577f61e5fe2f1bd72929acf779953668a8a47a479ae6f26/lxml-6.0.2-cp313-cp313-win_arm64.whl", hash = "sha256:13dcecc9946dca97b11b7c40d29fba63b55ab4170d3c0cf8c0c164343b9bfdcf", size = 3671248, upload-time = "2025-09-22T04:02:27.918Z" },
]

[[package]]
name = "nodeenv"
version = "1.10.0"
source = { registry = "https://pypi.org/simple" }
sdist = { url = "https://files.pythonhosted.org/packages/24/bf/d1bda4f6168e0b2e9e5958945e01910052158313224ada5ce1fb2e1113b8/nodeenv-1.10.0.tar.gz", hash = "sha256:996c191ad80897d076bdfba80a41994c2b47c68e224c542b48feba42ba00f8bb", size = 55611, upload-time = "2025-12-20T14:08:54.006Z" }
wheels = [
    { url = "https://files.pythonhosted.org/packages/88/b2/d0896bdcdc8d28a7fc5717c305f1a861c26e18c05047949fb371034d98bd/nodeenv-1.10.0-py2.py3-none-any.whl", hash = "sha256:5bb13e3eed2923615535339b3c620e76779af4cb4c6a90deccc9e36b274d3827", size = 23438, upload-time = "2025-12-20T14:08:52.782Z" },
]

[[package]]
name = "platformdirs"
version = "4.9.4"
source = { registry = "https://pypi.org/simple" }
sdist = { url = "https://files.pythonhosted.org/packages/19/56/8d4c30c8a1d07013911a8fdbd8f89440ef9f08d07a1b50ab8ca8be5a20f9/platformdirs-4.9.4.tar.gz", hash = "sha256:1ec356301b7dc906d83f371c8f487070e99d3ccf9e501686456394622a01a934", size = 28737, upload-time = "2026-03-05T18:34:13.271Z" }
wheels = [
    { url = "https://files.pythonhosted.org/packages/63/d7/97f7e3a6abb67d8080dd406fd4df842c2be0efaf712d1c899c32a075027c/platformdirs-4.9.4-py3-none-any.whl", hash = "sha256:68a9a4619a666ea6439f2ff250c12a853cd1cbd5158d258bd824a7df6be2f868", size = 21216, upload-time = "2026-03-05T18:34:12.172Z" },
]

[[package]]
name = "pre-commit"
version = "4.3.0"
source = { registry = "https://pypi.org/simple" }
dependencies = [
    { name = "cfgv" },
    { name = "identify" },
    { name = "nodeenv" },
    { name = "pyyaml" },
    { name = "virtualenv" },
]
sdist = { url = "https://files.pythonhosted.org/packages/ff/29/7cf5bbc236333876e4b41f56e06857a87937ce4bf91e117a6991a2dbb02a/pre_commit-4.3.0.tar.gz", hash = "sha256:499fe450cc9d42e9d58e606262795ecb64dd05438943c62b66f6a8673da30b16", size = 193792, upload-time = "2025-08-09T18:56:14.651Z" }
wheels = [
    { url = "https://files.pythonhosted.org/packages/5b/a5/987a405322d78a73b66e39e4a90e4ef156fd7141bf71df987e50717c321b/pre_commit-4.3.0-py2.py3-none-any.whl", hash = "sha256:2b0747ad7e6e967169136edffee14c16e148a778a54e4f967921aa1ebf2308d8", size = 220965, upload-time = "2025-08-09T18:56:13.192Z" },
]

[[package]]
name = "pyright"
version = "1.1.408"
source = { registry = "https://pypi.org/simple" }
dependencies = [
    { name = "nodeenv" },
    { name = "typing-extensions" },
]
sdist = { url = "https://files.pythonhosted.org/packages/74/b2/5db700e52554b8f025faa9c3c624c59f1f6c8841ba81ab97641b54322f16/pyright-1.1.408.tar.gz", hash = "sha256:f28f2321f96852fa50b5829ea492f6adb0e6954568d1caa3f3af3a5f555eb684", size = 4400578, upload-time = "2026-01-08T08:07:38.795Z" }
wheels = [
    { url = "https://files.pythonhosted.org/packages/0c/82/a2c93e32800940d9573fb28c346772a14778b84ba7524e691b324620ab89/pyright-1.1.408-py3-none-any.whl", hash = "sha256:090b32865f4fdb1e0e6cd82bf5618480d48eecd2eb2e70f960982a3d9a4c17c1", size = 6399144, upload-time = "2026-01-08T08:07:37.082Z" },
]

[[package]]
name = "python-discovery"
version = "1.2.0"
source = { registry = "https://pypi.org/simple" }
dependencies = [
    { name = "filelock" },
    { name = "platformdirs" },
]
sdist = { url = "https://files.pythonhosted.org/packages/9c/90/bcce6b46823c9bec1757c964dc37ed332579be512e17a30e9698095dcae4/python_discovery-1.2.0.tar.gz", hash = "sha256:7d33e350704818b09e3da2bd419d37e21e7c30db6e0977bb438916e06b41b5b1", size = 58055, upload-time = "2026-03-19T01:43:08.248Z" }
wheels = [
    { url = "https://files.pythonhosted.org/packages/c2/3c/2005227cb951df502412de2fa781f800663cccbef8d90ec6f1b371ac2c0d/python_discovery-1.2.0-py3-none-any.whl", hash = "sha256:1e108f1bbe2ed0ef089823d28805d5ad32be8e734b86a5f212bf89b71c266e4a", size = 31524, upload-time = "2026-03-19T01:43:07.045Z" },
]

[[package]]
name = "pyyaml"
version = "6.0.3"
source = { registry = "https://pypi.org/simple" }
sdist = { url = "https://files.pythonhosted.org/packages/05/8e/961c0007c59b8dd7729d542c61a4d537767a59645b82a0b521206e1e25c2/pyyaml-6.0.3.tar.gz", hash = "sha256:d76623373421df22fb4cf8817020cbb7ef15c725b9d5e45f17e189bfc384190f", size = 130960, upload-time = "2025-09-25T21:33:16.546Z" }
wheels = [
    { url = "https://files.pythonhosted.org/packages/de/94/980b50a6531b3019e45ddeada0626d45fa85cbe22300844a7983285bed3b/pyyaml-6.0.3-cp313-cp313-win32.whl", hash = "sha256:d0eae10f8159e8fdad514efdc92d74fd8d682c933a6dd088030f3834bc8e6b26", size = 137427, upload-time = "2025-09-25T21:32:32.58Z" },
    { url = "https://files.pythonhosted.org/packages/97/c9/39d5b874e8b28845e4ec2202b5da735d0199dbe5b8fb85f91398814a9a46/pyyaml-6.0.3-cp313-cp313-win_amd64.whl", hash = "sha256:79005a0d97d5ddabfeeea4cf676af11e647e41d81c9a7722a193022accdb6b7c", size = 154090, upload-time = "2025-09-25T21:32:33.659Z" },
    { url = "https://files.pythonhosted.org/packages/73/e8/2bdf3ca2090f68bb3d75b44da7bbc71843b19c9f2b9cb9b0f4ab7a5a4329/pyyaml-6.0.3-cp313-cp313-win_arm64.whl", hash = "sha256:5498cd1645aa724a7c71c8f378eb29ebe23da2fc0d7a08071d89469bf1d2defb", size = 140246, upload-time = "2025-09-25T21:32:34.663Z" },
]

[[package]]
name = "referencing"
version = "0.37.0"
source = { registry = "https://pypi.org/simple" }
dependencies = [
    { name = "attrs" },
    { name = "rpds-py" },
]
sdist = { url = "https://files.pythonhosted.org/packages/22/f5/df4e9027acead3ecc63e50fe1e36aca1523e1719559c499951bb4b53188f/referencing-0.37.0.tar.gz", hash = "sha256:44aefc3142c5b842538163acb373e24cce6632bd54bdb01b21ad5863489f50d8", size = 78036, upload-time = "2025-10-13T15:30:48.871Z" }
wheels = [
    { url = "https://files.pythonhosted.org/packages/2c/58/ca301544e1fa93ed4f80d724bf5b194f6e4b945841c5bfd555878eea9fcb/referencing-0.37.0-py3-none-any.whl", hash = "sha256:381329a9f99628c9069361716891d34ad94af76e461dcb0335825aecc7692231", size = 26766, upload-time = "2025-10-13T15:30:47.625Z" },
]

[[package]]
name = "requests"
version = "2.33.0"
source = { registry = "https://pypi.org/simple" }
dependencies = [
    { name = "certifi" },
    { name = "charset-normalizer" },
    { name = "idna" },
    { name = "urllib3" },
]
sdist = { url = "https://files.pythonhosted.org/packages/34/64/8860370b167a9721e8956ae116825caff829224fbca0ca6e7bf8ddef8430/requests-2.33.0.tar.gz", hash = "sha256:c7ebc5e8b0f21837386ad0e1c8fe8b829fa5f544d8df3b2253bff14ef29d7652", size = 134232, upload-time = "2026-03-25T15:10:41.586Z" }
wheels = [
    { url = "https://files.pythonhosted.org/packages/56/5d/c814546c2333ceea4ba42262d8c4d55763003e767fa169adc693bd524478/requests-2.33.0-py3-none-any.whl", hash = "sha256:3324635456fa185245e24865e810cecec7b4caf933d7eb133dcde67d48cee69b", size = 65017, upload-time = "2026-03-25T15:10:40.382Z" },
]

[[package]]
name = "rpds-py"
version = "0.30.0"
source = { registry = "https://pypi.org/simple" }
sdist = { url = "https://files.pythonhosted.org/packages/20/af/3f2f423103f1113b36230496629986e0ef7e199d2aa8392452b484b38ced/rpds_py-0.30.0.tar.gz", hash = "sha256:dd8ff7cf90014af0c0f787eea34794ebf6415242ee1d6fa91eaba725cc441e84", size = 69469, upload-time = "2025-11-30T20:24:38.837Z" }
wheels = [
    { url = "https://files.pythonhosted.org/packages/0b/5d/47c4655e9bcd5ca907148535c10e7d489044243cc9941c16ed7cd53be91d/rpds_py-0.30.0-cp313-cp313-win32.whl", hash = "sha256:b40fb160a2db369a194cb27943582b38f79fc4887291417685f3ad693c5a1d5d", size = 223139, upload-time = "2025-11-30T20:23:00.209Z" },
    { url = "https://files.pythonhosted.org/packages/f2/e1/485132437d20aa4d3e1d8b3fb5a5e65aa8139f1e097080c2a8443201742c/rpds_py-0.30.0-cp313-cp313-win_amd64.whl", hash = "sha256:806f36b1b605e2d6a72716f321f20036b9489d29c51c91f4dd29a3e3afb73b15", size = 240224, upload-time = "2025-11-30T20:23:02.008Z" },
    { url = "https://files.pythonhosted.org/packages/24/95/ffd128ed1146a153d928617b0ef673960130be0009c77d8fbf0abe306713/rpds_py-0.30.0-cp313-cp313-win_arm64.whl", hash = "sha256:d96c2086587c7c30d44f31f42eae4eac89b60dabbac18c7669be3700f13c3ce1", size = 230645, upload-time = "2025-11-30T20:23:03.43Z" },
    { url = "https://files.pythonhosted.org/packages/f9/39/7e067bb06c31de48de3eb200f9fc7c58982a4d3db44b07e73963e10d3be9/rpds_py-0.30.0-cp313-cp313t-win32.whl", hash = "sha256:3d4a69de7a3e50ffc214ae16d79d8fbb0922972da0356dcf4d0fdca2878559c6", size = 211341, upload-time = "2025-11-30T20:23:24.449Z" },
    { url = "https://files.pythonhosted.org/packages/0a/4d/222ef0b46443cf4cf46764d9c630f3fe4abaa7245be9417e56e9f52b8f65/rpds_py-0.30.0-cp313-cp313t-win_amd64.whl", hash = "sha256:f14fc5df50a716f7ece6a80b6c78bb35ea2ca47c499e422aa4463455dd96d56d", size = 225768, upload-time = "2025-11-30T20:23:25.908Z" },
]

[[package]]
name = "ruff"
version = "0.13.3"
source = { registry = "https://pypi.org/simple" }
sdist = { url = "https://files.pythonhosted.org/packages/c7/8e/f9f9ca747fea8e3ac954e3690d4698c9737c23b51731d02df999c150b1c9/ruff-0.13.3.tar.gz", hash = "sha256:5b0ba0db740eefdfbcce4299f49e9eaefc643d4d007749d77d047c2bab19908e", size = 5438533, upload-time = "2025-10-02T19:29:31.582Z" }
wheels = [
    { url = "https://files.pythonhosted.org/packages/28/d3/bb25ee567ce2f61ac52430cf99f446b0e6d49bdfa4188699ad005fdd16aa/ruff-0.13.3-py3-none-win32.whl", hash = "sha256:f14e0d1fe6460f07814d03c6e32e815bff411505178a1f539a38f6097d3e8ee3", size = 12334488, upload-time = "2025-10-02T19:29:24.782Z" },
    { url = "https://files.pythonhosted.org/packages/cf/49/12f5955818a1139eed288753479ba9d996f6ea0b101784bb1fe6977ec128/ruff-0.13.3-py3-none-win_amd64.whl", hash = "sha256:621e2e5812b691d4f244638d693e640f188bacbb9bc793ddd46837cea0503dd2", size = 13455262, upload-time = "2025-10-02T19:29:26.882Z" },
    { url = "https://files.pythonhosted.org/packages/fe/72/7b83242b26627a00e3af70d0394d68f8f02750d642567af12983031777fc/ruff-0.13.3-py3-none-win_arm64.whl", hash = "sha256:9e9e9d699841eaf4c2c798fa783df2fabc680b72059a02ca0ed81c460bc58330", size = 12538484, upload-time = "2025-10-02T19:29:28.951Z" },
]

[[package]]
name = "typing-extensions"
version = "4.15.0"
source = { registry = "https://pypi.org/simple" }
sdist = { url = "https://files.pythonhosted.org/packages/72/94/1a15dd82efb362ac84269196e94cf00f187f7ed21c242792a923cdb1c61f/typing_extensions-4.15.0.tar.gz", hash = "sha256:0cea48d173cc12fa28ecabc3b837ea3cf6f38c6d1136f85cbaaf598984861466", size = 109391, upload-time = "2025-08-25T13:49:26.313Z" }
wheels = [
    { url = "https://files.pythonhosted.org/packages/18/67/36e9267722cc04a6b9f15c7f3441c2363321a3ea07da7ae0c0707beb2a9c/typing_extensions-4.15.0-py3-none-any.whl", hash = "sha256:f0fa19c6845758ab08074a0cfa8b7aecb71c999ca73d62883bc25cc018c4e548", size = 44614, upload-time = "2025-08-25T13:49:24.86Z" },
]

[[package]]
name = "unittest-xml-reporting"
version = "4.0.0"
source = { registry = "https://pypi.org/simple" }
dependencies = [
    { name = "lxml" },
]
sdist = { url = "https://files.pythonhosted.org/packages/42/6b/5847d0e6e95d08e056f23b3f8cd95bede2d3ade10a1c1a9d5b50916454e1/unittest_xml_reporting-4.0.0.tar.gz", hash = "sha256:bfa1ed65e9e6f33c161d04470d89050458cfb65a5a5d0358834ef7ce037d9136", size = 43152, upload-time = "2026-01-07T15:50:58.983Z" }
wheels = [
    { url = "https://files.pythonhosted.org/packages/fe/5d/18d3c571c3a842a0ffbc4ad04637646a991d05eb3eab412b5226bbdbf294/unittest_xml_reporting-4.0.0-py2.py3-none-any.whl", hash = "sha256:e3e24bac8ea27c454d8be1d718851b2c5c8f712d75281920b6af81bdfef2f9bc", size = 20298, upload-time = "2026-01-07T15:50:57.222Z" },
]

[[package]]
name = "urllib3"
version = "2.6.3"
source = { registry = "https://pypi.org/simple" }
sdist = { url = "https://files.pythonhosted.org/packages/c7/24/5f1b3bdffd70275f6661c76461e25f024d5a38a46f04aaca912426a2b1d3/urllib3-2.6.3.tar.gz", hash = "sha256:1b62b6884944a57dbe321509ab94fd4d3b307075e0c2eae991ac71ee15ad38ed", size = 435556, upload-time = "2026-01-07T16:24:43.925Z" }
wheels = [
    { url = "https://files.pythonhosted.org/packages/39/08/aaaad47bc4e9dc8c725e68f9d04865dbcb2052843ff09c97b08904852d84/urllib3-2.6.3-py3-none-any.whl", hash = "sha256:bf272323e553dfb2e87d9bfd225ca7b0f467b919d7bbd355436d3fd37cb0acd4", size = 131584, upload-time = "2026-01-07T16:24:42.685Z" },
]

[[package]]
name = "virtualenv"
version = "21.2.0"
source = { registry = "https://pypi.org/simple" }
dependencies = [
    { name = "distlib" },
    { name = "filelock" },
    { name = "platformdirs" },
    { name = "python-discovery" },
]
sdist = { url = "https://files.pythonhosted.org/packages/aa/92/58199fe10049f9703c2666e809c4f686c54ef0a68b0f6afccf518c0b1eb9/virtualenv-21.2.0.tar.gz", hash = "sha256:1720dc3a62ef5b443092e3f499228599045d7fea4c79199770499df8becf9098", size = 5840618, upload-time = "2026-03-09T17:24:38.013Z" }
wheels = [
    { url = "https://files.pythonhosted.org/packages/c6/59/7d02447a55b2e55755011a647479041bc92a82e143f96a8195cb33bd0a1c/virtualenv-21.2.0-py3-none-any.whl", hash = "sha256:1bd755b504931164a5a496d217c014d098426cddc79363ad66ac78125f9d908f", size = 5825084, upload-time = "2026-03-09T17:24:35.378Z" },
]
